// !$*UTF8*$!
{
	archiveVersion = 1;
	classes = {
	};
	objectVersion = 51;
	objects = {

/* Begin PBXBuildFile section */
		525144FD2475907A008712E7 /* AddTypeRevenueViewController.swift in Sources */ = {isa = PBXBuildFile; fileRef = 525144FC2475907A008712E7 /* AddTypeRevenueViewController.swift */; };
		525145002475A68C008712E7 /* AddNewRevenueViewController.swift in Sources */ = {isa = PBXBuildFile; fileRef = 525144FF2475A68C008712E7 /* AddNewRevenueViewController.swift */; };
		525145022475B477008712E7 /* AddNewExpenseViewController.swift in Sources */ = {isa = PBXBuildFile; fileRef = 525145012475B477008712E7 /* AddNewExpenseViewController.swift */; };
		5251450424783BD7008712E7 /* AddTypeExpenseViewController.swift in Sources */ = {isa = PBXBuildFile; fileRef = 5251450324783BD7008712E7 /* AddTypeExpenseViewController.swift */; };
		527D750A24696A1300D93D30 /* AppDelegate.swift in Sources */ = {isa = PBXBuildFile; fileRef = 527D750924696A1300D93D30 /* AppDelegate.swift */; };
		527D750C24696A1300D93D30 /* SceneDelegate.swift in Sources */ = {isa = PBXBuildFile; fileRef = 527D750B24696A1300D93D30 /* SceneDelegate.swift */; };
		527D751124696A1300D93D30 /* Main.storyboard in Resources */ = {isa = PBXBuildFile; fileRef = 527D750F24696A1300D93D30 /* Main.storyboard */; };
		527D751424696A1300D93D30 /* BluePocket.xcdatamodeld in Sources */ = {isa = PBXBuildFile; fileRef = 527D751224696A1300D93D30 /* BluePocket.xcdatamodeld */; };
		527D751624696A1700D93D30 /* Assets.xcassets in Resources */ = {isa = PBXBuildFile; fileRef = 527D751524696A1700D93D30 /* Assets.xcassets */; };
		527D751924696A1700D93D30 /* LaunchScreen.storyboard in Resources */ = {isa = PBXBuildFile; fileRef = 527D751724696A1700D93D30 /* LaunchScreen.storyboard */; };
		527D752124696C4D00D93D30 /* GoogleService-Info.plist in Resources */ = {isa = PBXBuildFile; fileRef = 527D752024696C4D00D93D30 /* GoogleService-Info.plist */; };
		5295899B249FF52C00709F75 /* FItemModel.swift in Sources */ = {isa = PBXBuildFile; fileRef = 5295899A249FF52C00709F75 /* FItemModel.swift */; };
		5299CD7E24794466003DFF5B /* SnapshotExtensions.swift in Sources */ = {isa = PBXBuildFile; fileRef = 5299CD7D24794466003DFF5B /* SnapshotExtensions.swift */; };
		52C073ED24AB60D200D9F1B0 /* ExpenseCell.swift in Sources */ = {isa = PBXBuildFile; fileRef = 52C073EC24AB60D200D9F1B0 /* ExpenseCell.swift */; };
		52C073EF24AB652B00D9F1B0 /* FTypeModel.swift in Sources */ = {isa = PBXBuildFile; fileRef = 52C073EE24AB652B00D9F1B0 /* FTypeModel.swift */; };
		52C073F124ABBFC100D9F1B0 /* GraphViewController.swift in Sources */ = {isa = PBXBuildFile; fileRef = 52C073F024ABBFC100D9F1B0 /* GraphViewController.swift */; };
		52C073F324ACAFA600D9F1B0 /* RecoveryPasswordViewController.swift in Sources */ = {isa = PBXBuildFile; fileRef = 52C073F224ACAFA600D9F1B0 /* RecoveryPasswordViewController.swift */; };
		52C073F524ACB9AA00D9F1B0 /* FinancyViewController.swift in Sources */ = {isa = PBXBuildFile; fileRef = 52C073F424ACB9AA00D9F1B0 /* FinancyViewController.swift */; };
		52E58CD5249FF908006B62F2 /* RevenueCell.swift in Sources */ = {isa = PBXBuildFile; fileRef = 52E58CD4249FF908006B62F2 /* RevenueCell.swift */; };
		52F92E002473C0690062A563 /* LoginViewController.swift in Sources */ = {isa = PBXBuildFile; fileRef = 52F92DFF2473C0690062A563 /* LoginViewController.swift */; };
		52F92E042473C08D0062A563 /* HomeViewController.swift in Sources */ = {isa = PBXBuildFile; fileRef = 52F92E032473C08D0062A563 /* HomeViewController.swift */; };
		52F92E062473C0A80062A563 /* ViewController.swift in Sources */ = {isa = PBXBuildFile; fileRef = 52F92E052473C0A80062A563 /* ViewController.swift */; };
		52F92E082473CAF90062A563 /* SignUpViewController.swift in Sources */ = {isa = PBXBuildFile; fileRef = 52F92E072473CAF90062A563 /* SignUpViewController.swift */; };
		52F92E0B2473D0530062A563 /* Constants.swift in Sources */ = {isa = PBXBuildFile; fileRef = 52F92E0A2473D0530062A563 /* Constants.swift */; };
		52F92E0D2473D0880062A563 /* Utilities.swift in Sources */ = {isa = PBXBuildFile; fileRef = 52F92E0C2473D0880062A563 /* Utilities.swift */; };
		52F92E102473D94C0062A563 /* loginbg.mp4 in Resources */ = {isa = PBXBuildFile; fileRef = 52F92E0F2473D94C0062A563 /* loginbg.mp4 */; };
		52F92E14247542640062A563 /* RevenueViewController.swift in Sources */ = {isa = PBXBuildFile; fileRef = 52F92E13247542640062A563 /* RevenueViewController.swift */; };
		52F92E162475428F0062A563 /* ExpenseViewController.swift in Sources */ = {isa = PBXBuildFile; fileRef = 52F92E152475428F0062A563 /* ExpenseViewController.swift */; };
		52F92E18247543800062A563 /* PocketViewController.swift in Sources */ = {isa = PBXBuildFile; fileRef = 52F92E17247543800062A563 /* PocketViewController.swift */; };
		6B32C8D0F846C651F8302A40 /* Pods_BluePocket.framework in Frameworks */ = {isa = PBXBuildFile; fileRef = DD692FC5475F882D84799E9B /* Pods_BluePocket.framework */; };
/* End PBXBuildFile section */

/* Begin PBXFileReference section */
		525144FC2475907A008712E7 /* AddTypeRevenueViewController.swift */ = {isa = PBXFileReference; lastKnownFileType = sourcecode.swift; path = AddTypeRevenueViewController.swift; sourceTree = "<group>"; };
		525144FF2475A68C008712E7 /* AddNewRevenueViewController.swift */ = {isa = PBXFileReference; lastKnownFileType = sourcecode.swift; path = AddNewRevenueViewController.swift; sourceTree = "<group>"; };
		525145012475B477008712E7 /* AddNewExpenseViewController.swift */ = {isa = PBXFileReference; lastKnownFileType = sourcecode.swift; path = AddNewExpenseViewController.swift; sourceTree = "<group>"; };
		5251450324783BD7008712E7 /* AddTypeExpenseViewController.swift */ = {isa = PBXFileReference; lastKnownFileType = sourcecode.swift; path = AddTypeExpenseViewController.swift; sourceTree = "<group>"; };
		527D750624696A1300D93D30 /* BluePocket.app */ = {isa = PBXFileReference; explicitFileType = wrapper.application; includeInIndex = 0; path = BluePocket.app; sourceTree = BUILT_PRODUCTS_DIR; };
		527D750924696A1300D93D30 /* AppDelegate.swift */ = {isa = PBXFileReference; lastKnownFileType = sourcecode.swift; path = AppDelegate.swift; sourceTree = "<group>"; };
		527D750B24696A1300D93D30 /* SceneDelegate.swift */ = {isa = PBXFileReference; lastKnownFileType = sourcecode.swift; path = SceneDelegate.swift; sourceTree = "<group>"; };
		527D751024696A1300D93D30 /* Base */ = {isa = PBXFileReference; lastKnownFileType = file.storyboard; name = Base; path = Base.lproj/Main.storyboard; sourceTree = "<group>"; };
		527D751324696A1300D93D30 /* BluePocket.xcdatamodel */ = {isa = PBXFileReference; lastKnownFileType = wrapper.xcdatamodel; path = BluePocket.xcdatamodel; sourceTree = "<group>"; };
		527D751524696A1700D93D30 /* Assets.xcassets */ = {isa = PBXFileReference; lastKnownFileType = folder.assetcatalog; path = Assets.xcassets; sourceTree = "<group>"; };
		527D751824696A1700D93D30 /* Base */ = {isa = PBXFileReference; lastKnownFileType = file.storyboard; name = Base; path = Base.lproj/LaunchScreen.storyboard; sourceTree = "<group>"; };
		527D751A24696A1700D93D30 /* Info.plist */ = {isa = PBXFileReference; lastKnownFileType = text.plist.xml; path = Info.plist; sourceTree = "<group>"; };
		527D752024696C4D00D93D30 /* GoogleService-Info.plist */ = {isa = PBXFileReference; fileEncoding = 4; lastKnownFileType = text.plist.xml; path = "GoogleService-Info.plist"; sourceTree = "<group>"; };
		5295899A249FF52C00709F75 /* FItemModel.swift */ = {isa = PBXFileReference; lastKnownFileType = sourcecode.swift; path = FItemModel.swift; sourceTree = "<group>"; };
		5299CD7D24794466003DFF5B /* SnapshotExtensions.swift */ = {isa = PBXFileReference; lastKnownFileType = sourcecode.swift; path = SnapshotExtensions.swift; sourceTree = "<group>"; };
		52C073EC24AB60D200D9F1B0 /* ExpenseCell.swift */ = {isa = PBXFileReference; lastKnownFileType = sourcecode.swift; path = ExpenseCell.swift; sourceTree = "<group>"; };
		52C073EE24AB652B00D9F1B0 /* FTypeModel.swift */ = {isa = PBXFileReference; lastKnownFileType = sourcecode.swift; path = FTypeModel.swift; sourceTree = "<group>"; };
		52C073F024ABBFC100D9F1B0 /* GraphViewController.swift */ = {isa = PBXFileReference; lastKnownFileType = sourcecode.swift; path = GraphViewController.swift; sourceTree = "<group>"; };
		52C073F224ACAFA600D9F1B0 /* RecoveryPasswordViewController.swift */ = {isa = PBXFileReference; lastKnownFileType = sourcecode.swift; path = RecoveryPasswordViewController.swift; sourceTree = "<group>"; };
		52C073F424ACB9AA00D9F1B0 /* FinancyViewController.swift */ = {isa = PBXFileReference; lastKnownFileType = sourcecode.swift; path = FinancyViewController.swift; sourceTree = "<group>"; };
		52E58CD4249FF908006B62F2 /* RevenueCell.swift */ = {isa = PBXFileReference; lastKnownFileType = sourcecode.swift; path = RevenueCell.swift; sourceTree = "<group>"; };
		52F92DFF2473C0690062A563 /* LoginViewController.swift */ = {isa = PBXFileReference; lastKnownFileType = sourcecode.swift; path = LoginViewController.swift; sourceTree = "<group>"; };
		52F92E032473C08D0062A563 /* HomeViewController.swift */ = {isa = PBXFileReference; lastKnownFileType = sourcecode.swift; path = HomeViewController.swift; sourceTree = "<group>"; };
		52F92E052473C0A80062A563 /* ViewController.swift */ = {isa = PBXFileReference; lastKnownFileType = sourcecode.swift; path = ViewController.swift; sourceTree = "<group>"; };
		52F92E072473CAF90062A563 /* SignUpViewController.swift */ = {isa = PBXFileReference; lastKnownFileType = sourcecode.swift; path = SignUpViewController.swift; sourceTree = "<group>"; };
		52F92E0A2473D0530062A563 /* Constants.swift */ = {isa = PBXFileReference; lastKnownFileType = sourcecode.swift; path = Constants.swift; sourceTree = "<group>"; };
		52F92E0C2473D0880062A563 /* Utilities.swift */ = {isa = PBXFileReference; lastKnownFileType = sourcecode.swift; path = Utilities.swift; sourceTree = "<group>"; };
		52F92E0F2473D94C0062A563 /* loginbg.mp4 */ = {isa = PBXFileReference; lastKnownFileType = file; path = loginbg.mp4; sourceTree = "<group>"; };
		52F92E13247542640062A563 /* RevenueViewController.swift */ = {isa = PBXFileReference; lastKnownFileType = sourcecode.swift; path = RevenueViewController.swift; sourceTree = "<group>"; };
		52F92E152475428F0062A563 /* ExpenseViewController.swift */ = {isa = PBXFileReference; lastKnownFileType = sourcecode.swift; path = ExpenseViewController.swift; sourceTree = "<group>"; };
		52F92E17247543800062A563 /* PocketViewController.swift */ = {isa = PBXFileReference; lastKnownFileType = sourcecode.swift; path = PocketViewController.swift; sourceTree = "<group>"; };
		89B196CDFA5221A6F922A120 /* Pods-BluePocket.release.xcconfig */ = {isa = PBXFileReference; includeInIndex = 1; lastKnownFileType = text.xcconfig; name = "Pods-BluePocket.release.xcconfig"; path = "Target Support Files/Pods-BluePocket/Pods-BluePocket.release.xcconfig"; sourceTree = "<group>"; };
		BD0299178FEB3BC5CB8286CD /* Pods-BluePocket.debug.xcconfig */ = {isa = PBXFileReference; includeInIndex = 1; lastKnownFileType = text.xcconfig; name = "Pods-BluePocket.debug.xcconfig"; path = "Target Support Files/Pods-BluePocket/Pods-BluePocket.debug.xcconfig"; sourceTree = "<group>"; };
		DD692FC5475F882D84799E9B /* Pods_BluePocket.framework */ = {isa = PBXFileReference; explicitFileType = wrapper.framework; includeInIndex = 0; path = Pods_BluePocket.framework; sourceTree = BUILT_PRODUCTS_DIR; };
/* End PBXFileReference section */

/* Begin PBXFrameworksBuildPhase section */
		527D750324696A1300D93D30 /* Frameworks */ = {
			isa = PBXFrameworksBuildPhase;
			buildActionMask = 2147483647;
			files = (
				6B32C8D0F846C651F8302A40 /* Pods_BluePocket.framework in Frameworks */,
			);
			runOnlyForDeploymentPostprocessing = 0;
		};
/* End PBXFrameworksBuildPhase section */

/* Begin PBXGroup section */
		157A251B296B9DC6D7648163 /* Pods */ = {
			isa = PBXGroup;
			children = (
				BD0299178FEB3BC5CB8286CD /* Pods-BluePocket.debug.xcconfig */,
				89B196CDFA5221A6F922A120 /* Pods-BluePocket.release.xcconfig */,
			);
			path = Pods;
			sourceTree = "<group>";
		};
		525144FE2475A648008712E7 /* newItemsViewControllers */ = {
			isa = PBXGroup;
			children = (
				525144FF2475A68C008712E7 /* AddNewRevenueViewController.swift */,
				525145012475B477008712E7 /* AddNewExpenseViewController.swift */,
			);
			path = newItemsViewControllers;
			sourceTree = "<group>";
		};
		5251450724784CCC008712E7 /* models */ = {
			isa = PBXGroup;
			children = (
				5295899A249FF52C00709F75 /* FItemModel.swift */,
				52C073EE24AB652B00D9F1B0 /* FTypeModel.swift */,
			);
			path = models;
			sourceTree = "<group>";
		};
		527D74FD24696A1300D93D30 = {
			isa = PBXGroup;
			children = (
				527D750824696A1300D93D30 /* BluePocket */,
				527D750724696A1300D93D30 /* Products */,
				157A251B296B9DC6D7648163 /* Pods */,
				B6BCE55F869FCE24450F4AE5 /* Frameworks */,
			);
			sourceTree = "<group>";
		};
		527D750724696A1300D93D30 /* Products */ = {
			isa = PBXGroup;
			children = (
				527D750624696A1300D93D30 /* BluePocket.app */,
			);
			name = Products;
			sourceTree = "<group>";
		};
		527D750824696A1300D93D30 /* BluePocket */ = {
			isa = PBXGroup;
			children = (
				5299CD7C2479440E003DFF5B /* New Group */,
				527D750924696A1300D93D30 /* AppDelegate.swift */,
				527D750B24696A1300D93D30 /* SceneDelegate.swift */,
				52F92E0E2473D90B0062A563 /* Media */,
				5251450724784CCC008712E7 /* models */,
				52D473452472BE1900098250 /* ViewControllers */,
				52F92E092473D01D0062A563 /* utils */,
				527D750F24696A1300D93D30 /* Main.storyboard */,
				527D751524696A1700D93D30 /* Assets.xcassets */,
				527D751724696A1700D93D30 /* LaunchScreen.storyboard */,
				527D751A24696A1700D93D30 /* Info.plist */,
				527D752024696C4D00D93D30 /* GoogleService-Info.plist */,
				527D751224696A1300D93D30 /* BluePocket.xcdatamodeld */,
			);
			path = BluePocket;
			sourceTree = "<group>";
		};
		5299CD7C2479440E003DFF5B /* New Group */ = {
			isa = PBXGroup;
			children = (
			);
			path = "New Group";
			sourceTree = "<group>";
		};
		52D473452472BE1900098250 /* ViewControllers */ = {
			isa = PBXGroup;
			children = (
				52E58CD3249FF8C2006B62F2 /* TableViewCells */,
				525144FE2475A648008712E7 /* newItemsViewControllers */,
				52F92E19247543930062A563 /* tabsViewControllers */,
				52F92DFF2473C0690062A563 /* LoginViewController.swift */,
				52F92E032473C08D0062A563 /* HomeViewController.swift */,
				52F92E052473C0A80062A563 /* ViewController.swift */,
				52F92E072473CAF90062A563 /* SignUpViewController.swift */,
				525144FC2475907A008712E7 /* AddTypeRevenueViewController.swift */,
				5251450324783BD7008712E7 /* AddTypeExpenseViewController.swift */,
				52C073F024ABBFC100D9F1B0 /* GraphViewController.swift */,
				52C073F224ACAFA600D9F1B0 /* RecoveryPasswordViewController.swift */,
				52C073F424ACB9AA00D9F1B0 /* FinancyViewController.swift */,
			);
			path = ViewControllers;
			sourceTree = "<group>";
		};
		52E58CD3249FF8C2006B62F2 /* TableViewCells */ = {
			isa = PBXGroup;
			children = (
				52E58CD4249FF908006B62F2 /* RevenueCell.swift */,
				52C073EC24AB60D200D9F1B0 /* ExpenseCell.swift */,
			);
			path = TableViewCells;
			sourceTree = "<group>";
		};
		52F92E092473D01D0062A563 /* utils */ = {
			isa = PBXGroup;
			children = (
				52F92E0A2473D0530062A563 /* Constants.swift */,
				52F92E0C2473D0880062A563 /* Utilities.swift */,
				5299CD7D24794466003DFF5B /* SnapshotExtensions.swift */,
			);
			path = utils;
			sourceTree = "<group>";
		};
		52F92E0E2473D90B0062A563 /* Media */ = {
			isa = PBXGroup;
			children = (
				52F92E0F2473D94C0062A563 /* loginbg.mp4 */,
			);
			path = Media;
			sourceTree = "<group>";
		};
		52F92E19247543930062A563 /* tabsViewControllers */ = {
			isa = PBXGroup;
			children = (
				52F92E13247542640062A563 /* RevenueViewController.swift */,
				52F92E152475428F0062A563 /* ExpenseViewController.swift */,
				52F92E17247543800062A563 /* PocketViewController.swift */,
			);
			name = tabsViewControllers;
			sourceTree = "<group>";
		};
		B6BCE55F869FCE24450F4AE5 /* Frameworks */ = {
			isa = PBXGroup;
			children = (
				DD692FC5475F882D84799E9B /* Pods_BluePocket.framework */,
			);
			name = Frameworks;
			sourceTree = "<group>";
		};
/* End PBXGroup section */

/* Begin PBXNativeTarget section */
		527D750524696A1300D93D30 /* BluePocket */ = {
			isa = PBXNativeTarget;
			buildConfigurationList = 527D751D24696A1700D93D30 /* Build configuration list for PBXNativeTarget "BluePocket" */;
			buildPhases = (
				09D9888AF38A04E16D61CDE2 /* [CP] Check Pods Manifest.lock */,
				527D750224696A1300D93D30 /* Sources */,
				527D750324696A1300D93D30 /* Frameworks */,
				527D750424696A1300D93D30 /* Resources */,
				F26573B210FD8F1D8E389763 /* [CP] Embed Pods Frameworks */,
			);
			buildRules = (
			);
			dependencies = (
			);
			name = BluePocket;
			productName = BluePocket;
			productReference = 527D750624696A1300D93D30 /* BluePocket.app */;
			productType = "com.apple.product-type.application";
		};
/* End PBXNativeTarget section */

/* Begin PBXProject section */
		527D74FE24696A1300D93D30 /* Project object */ = {
			isa = PBXProject;
			attributes = {
				LastSwiftUpdateCheck = 1140;
				LastUpgradeCheck = 1140;
				ORGANIZATIONNAME = "Mateus Lopes";
				TargetAttributes = {
					527D750524696A1300D93D30 = {
						CreatedOnToolsVersion = 11.4.1;
					};
				};
			};
			buildConfigurationList = 527D750124696A1300D93D30 /* Build configuration list for PBXProject "BluePocket" */;
			compatibilityVersion = "Xcode 9.3";
			developmentRegion = en;
			hasScannedForEncodings = 0;
			knownRegions = (
				en,
				Base,
			);
			mainGroup = 527D74FD24696A1300D93D30;
			productRefGroup = 527D750724696A1300D93D30 /* Products */;
			projectDirPath = "";
			projectRoot = "";
			targets = (
				527D750524696A1300D93D30 /* BluePocket */,
			);
		};
/* End PBXProject section */

/* Begin PBXResourcesBuildPhase section */
		527D750424696A1300D93D30 /* Resources */ = {
			isa = PBXResourcesBuildPhase;
			buildActionMask = 2147483647;
			files = (
				527D751924696A1700D93D30 /* LaunchScreen.storyboard in Resources */,
				52F92E102473D94C0062A563 /* loginbg.mp4 in Resources */,
				527D752124696C4D00D93D30 /* GoogleService-Info.plist in Resources */,
				527D751624696A1700D93D30 /* Assets.xcassets in Resources */,
				527D751124696A1300D93D30 /* Main.storyboard in Resources */,
			);
			runOnlyForDeploymentPostprocessing = 0;
		};
/* End PBXResourcesBuildPhase section */

/* Begin PBXShellScriptBuildPhase section */
		09D9888AF38A04E16D61CDE2 /* [CP] Check Pods Manifest.lock */ = {
			isa = PBXShellScriptBuildPhase;
			buildActionMask = 2147483647;
			files = (
			);
			inputFileListPaths = (
			);
			inputPaths = (
				"${PODS_PODFILE_DIR_PATH}/Podfile.lock",
				"${PODS_ROOT}/Manifest.lock",
			);
			name = "[CP] Check Pods Manifest.lock";
			outputFileListPaths = (
			);
			outputPaths = (
				"$(DERIVED_FILE_DIR)/Pods-BluePocket-checkManifestLockResult.txt",
			);
			runOnlyForDeploymentPostprocessing = 0;
			shellPath = /bin/sh;
			shellScript = "diff \"${PODS_PODFILE_DIR_PATH}/Podfile.lock\" \"${PODS_ROOT}/Manifest.lock\" > /dev/null\nif [ $? != 0 ] ; then\n    # print error to STDERR\n    echo \"error: The sandbox is not in sync with the Podfile.lock. Run 'pod install' or update your CocoaPods installation.\" >&2\n    exit 1\nfi\n# This output is used by Xcode 'outputs' to avoid re-running this script phase.\necho \"SUCCESS\" > \"${SCRIPT_OUTPUT_FILE_0}\"\n";
			showEnvVarsInLog = 0;
		};
		F26573B210FD8F1D8E389763 /* [CP] Embed Pods Frameworks */ = {
			isa = PBXShellScriptBuildPhase;
			buildActionMask = 2147483647;
			files = (
			);
			inputFileListPaths = (
				"${PODS_ROOT}/Target Support Files/Pods-BluePocket/Pods-BluePocket-frameworks-${CONFIGURATION}-input-files.xcfilelist",
			);
			name = "[CP] Embed Pods Frameworks";
			outputFileListPaths = (
				"${PODS_ROOT}/Target Support Files/Pods-BluePocket/Pods-BluePocket-frameworks-${CONFIGURATION}-output-files.xcfilelist",
			);
			runOnlyForDeploymentPostprocessing = 0;
			shellPath = /bin/sh;
			shellScript = "\"${PODS_ROOT}/Target Support Files/Pods-BluePocket/Pods-BluePocket-frameworks.sh\"\n";
			showEnvVarsInLog = 0;
		};
/* End PBXShellScriptBuildPhase section */

/* Begin PBXSourcesBuildPhase section */
		527D750224696A1300D93D30 /* Sources */ = {
			isa = PBXSourcesBuildPhase;
			buildActionMask = 2147483647;
			files = (
				52C073EF24AB652B00D9F1B0 /* FTypeModel.swift in Sources */,
				52F92E162475428F0062A563 /* ExpenseViewController.swift in Sources */,
				52F92E002473C0690062A563 /* LoginViewController.swift in Sources */,
				525145002475A68C008712E7 /* AddNewRevenueViewController.swift in Sources */,
				5295899B249FF52C00709F75 /* FItemModel.swift in Sources */,
				52C073F524ACB9AA00D9F1B0 /* FinancyViewController.swift in Sources */,
				52C073ED24AB60D200D9F1B0 /* ExpenseCell.swift in Sources */,
				52F92E082473CAF90062A563 /* SignUpViewController.swift in Sources */,
				527D751424696A1300D93D30 /* BluePocket.xcdatamodeld in Sources */,
				525145022475B477008712E7 /* AddNewExpenseViewController.swift in Sources */,
				527D750A24696A1300D93D30 /* AppDelegate.swift in Sources */,
				5299CD7E24794466003DFF5B /* SnapshotExtensions.swift in Sources */,
				52C073F324ACAFA600D9F1B0 /* RecoveryPasswordViewController.swift in Sources */,
				527D750C24696A1300D93D30 /* SceneDelegate.swift in Sources */,
				525144FD2475907A008712E7 /* AddTypeRevenueViewController.swift in Sources */,
				52F92E062473C0A80062A563 /* ViewController.swift in Sources */,
				52F92E0D2473D0880062A563 /* Utilities.swift in Sources */,
				5251450424783BD7008712E7 /* AddTypeExpenseViewController.swift in Sources */,
				52F92E14247542640062A563 /* RevenueViewController.swift in Sources */,
				52F92E042473C08D0062A563 /* HomeViewController.swift in Sources */,
				52F92E18247543800062A563 /* PocketViewController.swift in Sources */,
				52C073F124ABBFC100D9F1B0 /* GraphViewController.swift in Sources */,
				52F92E0B2473D0530062A563 /* Constants.swift in Sources */,
				52E58CD5249FF908006B62F2 /* RevenueCell.swift in Sources */,
			);
			runOnlyForDeploymentPostprocessing = 0;
		};
/* End PBXSourcesBuildPhase section */

/* Begin PBXVariantGroup section */
		527D750F24696A1300D93D30 /* Main.storyboard */ = {
			isa = PBXVariantGroup;
			children = (
				527D751024696A1300D93D30 /* Base */,
			);
			name = Main.storyboard;
			sourceTree = "<group>";
		};
		527D751724696A1700D93D30 /* LaunchScreen.storyboard */ = {
			isa = PBXVariantGroup;
			children = (
				527D751824696A1700D93D30 /* Base */,
			);
			name = LaunchScreen.storyboard;
			sourceTree = "<group>";
		};
/* End PBXVariantGroup section */

/* Begin XCBuildConfiguration section */
		527D751B24696A1700D93D30 /* Debug */ = {
			isa = XCBuildConfiguration;
			buildSettings = {
				ALWAYS_SEARCH_USER_PATHS = NO;
				CLANG_ANALYZER_NONNULL = YES;
				CLANG_ANALYZER_NUMBER_OBJECT_CONVERSION = YES_AGGRESSIVE;
				CLANG_CXX_LANGUAGE_STANDARD = "gnu++14";
				CLANG_CXX_LIBRARY = "libc++";
				CLANG_ENABLE_MODULES = YES;
				CLANG_ENABLE_OBJC_ARC = YES;
				CLANG_ENABLE_OBJC_WEAK = YES;
				CLANG_WARN_BLOCK_CAPTURE_AUTORELEASING = YES;
				CLANG_WARN_BOOL_CONVERSION = YES;
				CLANG_WARN_COMMA = YES;
				CLANG_WARN_CONSTANT_CONVERSION = YES;
				CLANG_WARN_DEPRECATED_OBJC_IMPLEMENTATIONS = YES;
				CLANG_WARN_DIRECT_OBJC_ISA_USAGE = YES_ERROR;
				CLANG_WARN_DOCUMENTATION_COMMENTS = YES;
				CLANG_WARN_EMPTY_BODY = YES;
				CLANG_WARN_ENUM_CONVERSION = YES;
				CLANG_WARN_INFINITE_RECURSION = YES;
				CLANG_WARN_INT_CONVERSION = YES;
				CLANG_WARN_NON_LITERAL_NULL_CONVERSION = YES;
				CLANG_WARN_OBJC_IMPLICIT_RETAIN_SELF = YES;
				CLANG_WARN_OBJC_LITERAL_CONVERSION = YES;
				CLANG_WARN_OBJC_ROOT_CLASS = YES_ERROR;
				CLANG_WARN_RANGE_LOOP_ANALYSIS = YES;
				CLANG_WARN_STRICT_PROTOTYPES = YES;
				CLANG_WARN_SUSPICIOUS_MOVE = YES;
				CLANG_WARN_UNGUARDED_AVAILABILITY = YES_AGGRESSIVE;
				CLANG_WARN_UNREACHABLE_CODE = YES;
				CLANG_WARN__DUPLICATE_METHOD_MATCH = YES;
				COPY_PHASE_STRIP = NO;
				DEBUG_INFORMATION_FORMAT = dwarf;
				ENABLE_STRICT_OBJC_MSGSEND = YES;
				ENABLE_TESTABILITY = YES;
				GCC_C_LANGUAGE_STANDARD = gnu11;
				GCC_DYNAMIC_NO_PIC = NO;
				GCC_NO_COMMON_BLOCKS = YES;
				GCC_OPTIMIZATION_LEVEL = 0;
				GCC_PREPROCESSOR_DEFINITIONS = (
					"DEBUG=1",
					"$(inherited)",
				);
				GCC_WARN_64_TO_32_BIT_CONVERSION = YES;
				GCC_WARN_ABOUT_RETURN_TYPE = YES_ERROR;
				GCC_WARN_UNDECLARED_SELECTOR = YES;
				GCC_WARN_UNINITIALIZED_AUTOS = YES_AGGRESSIVE;
				GCC_WARN_UNUSED_FUNCTION = YES;
				GCC_WARN_UNUSED_VARIABLE = YES;
				IPHONEOS_DEPLOYMENT_TARGET = 13.4;
				MTL_ENABLE_DEBUG_INFO = INCLUDE_SOURCE;
				MTL_FAST_MATH = YES;
				ONLY_ACTIVE_ARCH = YES;
				SDKROOT = iphoneos;
				SWIFT_ACTIVE_COMPILATION_CONDITIONS = DEBUG;
				SWIFT_OPTIMIZATION_LEVEL = "-Onone";
			};
			name = Debug;
		};
		527D751C24696A1700D93D30 /* Release */ = {
			isa = XCBuildConfiguration;
			buildSettings = {
				ALWAYS_SEARCH_USER_PATHS = NO;
				CLANG_ANALYZER_NONNULL = YES;
				CLANG_ANALYZER_NUMBER_OBJECT_CONVERSION = YES_AGGRESSIVE;
				CLANG_CXX_LANGUAGE_STANDARD = "gnu++14";
				CLANG_CXX_LIBRARY = "libc++";
				CLANG_ENABLE_MODULES = YES;
				CLANG_ENABLE_OBJC_ARC = YES;
				CLANG_ENABLE_OBJC_WEAK = YES;
				CLANG_WARN_BLOCK_CAPTURE_AUTORELEASING = YES;
				CLANG_WARN_BOOL_CONVERSION = YES;
				CLANG_WARN_COMMA = YES;
				CLANG_WARN_CONSTANT_CONVERSION = YES;
				CLANG_WARN_DEPRECATED_OBJC_IMPLEMENTATIONS = YES;
				CLANG_WARN_DIRECT_OBJC_ISA_USAGE = YES_ERROR;
				CLANG_WARN_DOCUMENTATION_COMMENTS = YES;
				CLANG_WARN_EMPTY_BODY = YES;
				CLANG_WARN_ENUM_CONVERSION = YES;
				CLANG_WARN_INFINITE_RECURSION = YES;
				CLANG_WARN_INT_CONVERSION = YES;
				CLANG_WARN_NON_LITERAL_NULL_CONVERSION = YES;
				CLANG_WARN_OBJC_IMPLICIT_RETAIN_SELF = YES;
				CLANG_WARN_OBJC_LITERAL_CONVERSION = YES;
				CLANG_WARN_OBJC_ROOT_CLASS = YES_ERROR;
				CLANG_WARN_RANGE_LOOP_ANALYSIS = YES;
				CLANG_WARN_STRICT_PROTOTYPES = YES;
				CLANG_WARN_SUSPICIOUS_MOVE = YES;
				CLANG_WARN_UNGUARDED_AVAILABILITY = YES_AGGRESSIVE;
				CLANG_WARN_UNREACHABLE_CODE = YES;
				CLANG_WARN__DUPLICATE_METHOD_MATCH = YES;
				COPY_PHASE_STRIP = NO;
				DEBUG_INFORMATION_FORMAT = "dwarf-with-dsym";
				ENABLE_NS_ASSERTIONS = NO;
				ENABLE_STRICT_OBJC_MSGSEND = YES;
				GCC_C_LANGUAGE_STANDARD = gnu11;
				GCC_NO_COMMON_BLOCKS = YES;
				GCC_WARN_64_TO_32_BIT_CONVERSION = YES;
				GCC_WARN_ABOUT_RETURN_TYPE = YES_ERROR;
				GCC_WARN_UNDECLARED_SELECTOR = YES;
				GCC_WARN_UNINITIALIZED_AUTOS = YES_AGGRESSIVE;
				GCC_WARN_UNUSED_FUNCTION = YES;
				GCC_WARN_UNUSED_VARIABLE = YES;
				IPHONEOS_DEPLOYMENT_TARGET = 13.4;
				MTL_ENABLE_DEBUG_INFO = NO;
				MTL_FAST_MATH = YES;
				SDKROOT = iphoneos;
				SWIFT_COMPILATION_MODE = wholemodule;
				SWIFT_OPTIMIZATION_LEVEL = "-O";
				VALIDATE_PRODUCT = YES;
			};
			name = Release;
		};
		527D751E24696A1700D93D30 /* Debug */ = {
			isa = XCBuildConfiguration;
			baseConfigurationReference = BD0299178FEB3BC5CB8286CD /* Pods-BluePocket.debug.xcconfig */;
			buildSettings = {
				ASSETCATALOG_COMPILER_APPICON_NAME = AppIcon;
				CODE_SIGN_STYLE = Automatic;
				DEVELOPMENT_TEAM = QYM4H298NV;
				INFOPLIST_FILE = BluePocket/Info.plist;
				LD_RUNPATH_SEARCH_PATHS = (
					"$(inherited)",
					"@executable_path/Frameworks",
				);
				PRODUCT_BUNDLE_IDENTIFIER = com.mateusdevelopes.BluePocket;
				PRODUCT_NAME = "$(TARGET_NAME)";
				SWIFT_VERSION = 5.0;
				TARGETED_DEVICE_FAMILY = "1,2";
			};
			name = Debug;
		};
		527D751F24696A1700D93D30 /* Release */ = {
			isa = XCBuildConfiguration;
			baseConfigurationReference = 89B196CDFA5221A6F922A120 /* Pods-BluePocket.release.xcconfig */;
			buildSettings = {
				ASSETCATALOG_COMPILER_APPICON_NAME = AppIcon;
				CODE_SIGN_STYLE = Automatic;
				DEVELOPMENT_TEAM = QYM4H298NV;
				INFOPLIST_FILE = BluePocket/Info.plist;
				LD_RUNPATH_SEARCH_PATHS = (
					"$(inherited)",
					"@executable_path/Frameworks",
				);
				PRODUCT_BUNDLE_IDENTIFIER = com.mateusdevelopes.BluePocket;
				PRODUCT_NAME = "$(TARGET_NAME)";
				SWIFT_VERSION = 5.0;
				TARGETED_DEVICE_FAMILY = "1,2";
			};
			name = Release;
		};
/* End XCBuildConfiguration section */

/* Begin XCConfigurationList section */
		527D750124696A1300D93D30 /* Build configuration list for PBXProject "BluePocket" */ = {
			isa = XCConfigurationList;
			buildConfigurations = (
				527D751B24696A1700D93D30 /* Debug */,
				527D751C24696A1700D93D30 /* Release */,
			);
			defaultConfigurationIsVisible = 0;
			defaultConfigurationName = Release;
		};
		527D751D24696A1700D93D30 /* Build configuration list for PBXNativeTarget "BluePocket" */ = {
			isa = XCConfigurationList;
			buildConfigurations = (
				527D751E24696A1700D93D30 /* Debug */,
				527D751F24696A1700D93D30 /* Release */,
			);
			defaultConfigurationIsVisible = 0;
			defaultConfigurationName = Release;
		};
/* End XCConfigurationList section */

/* Begin XCVersionGroup section */
		527D751224696A1300D93D30 /* BluePocket.xcdatamodeld */ = {
			isa = XCVersionGroup;
			children = (
				527D751324696A1300D93D30 /* BluePocket.xcdatamodel */,
			);
			currentVersion = 527D751324696A1300D93D30 /* BluePocket.xcdatamodel */;
			path = BluePocket.xcdatamodeld;
			sourceTree = "<group>";
			versionGroupType = wrapper.xcdatamodel;
		};
/* End XCVersionGroup section */
	};
	rootObject = 527D74FE24696A1300D93D30 /* Project object */;
}
